{
  "name": "batch-platform-ci-tools",
  "version": "1.0.0",
  "lockfileVersion": 3,
  "requires": true,
  "packages": {
    "": {
      "name": "batch-platform-ci-tools",
      "version": "1.0.0",
      "dependencies": {
        "squawk-cli": "2.65.0"
      }
    },
    "node_modules/@squawk-cli/darwin-arm64": {
      "version": "2.65.0",
      "resolved": "https://registry.npmjs.org/@squawk-cli/darwin-arm64/-/darwin-arm64-2.65.0.tgz",
      "integrity": "sha512-Zz9wMfAkfiCiDbmtzP/cCZTfETAnAcOoN1HzKe3tlshXAEw50sVupKAK/181oM9j1WPC1VIb9hm7pqYYje34ZQ==",
      "cpu": [
        "arm64"
      ],
      "license": "(Apache-2.0 OR MIT)",
      "optional": true,
      "os": [
        "darwin"
      ]
    },
    "node_modules/@squawk-cli/darwin-x64": {
      "version": "2.65.0",
      "resolved": "https://registry.npmjs.org/@squawk-cli/darwin-x64/-/darwin-x64-2.65.0.tgz",
      "integrity": "sha512-2etV6WaUFADqMcC4uMa365rQhvgwxUY43zRS+5+p4kwLTsZCci9WL5VsMHnvsdstKf2vOICfQ2L6E/N/8L7/UQ==",
      "cpu": [
        "x64"
      ],
      "license": "(Apache-2.0 OR MIT)",
      "optional": true,
      "os": [
        "darwin"
      ]
    },
    "node_modules/@squawk-cli/linux-arm64": {
      "version": "2.65.0",
      "resolved": "https://registry.npmjs.org/@squawk-cli/linux-arm64/-/linux-arm64-2.65.0.tgz",
      "integrity": "sha512-7MyHDi84VtKIed3SB9/svc9Rpvr/f4taTjAVFTp83qyZIuQ7sa7216XpuAXP2Nbt0cCeBjgdwVD2qF5JrJ0j0w==",
      "cpu": [
        "arm64"
      ],
      "license": "(Apache-2.0 OR MIT)",
      "optional": true,
      "os": [
        "linux"
      ]
    },
    "node_modules/@squawk-cli/linux-x64": {
      "version": "2.65.0",
      "resolved": "https://registry.npmjs.org/@squawk-cli/linux-x64/-/linux-x64-2.65.0.tgz",
      "integrity": "sha512-ZUdtZTatsOKAmT3I03I3RUyNiKLr3l5VdmDPi4b2xpioNSyIEuj2rjzOTRD1mP4ivw34KD/A8uapOsYrKf7lrg==",
      "cpu": [
        "x64"
      ],
      "license": "(Apache-2.0 OR MIT)",
      "optional": true,
      "os": [
        "linux"
      ]
    },
    "node_modules/@squawk-cli/win32-x64": {
      "version": "2.65.0",
      "resolved": "https://registry.npmjs.org/@squawk-cli/win32-x64/-/win32-x64-2.65.0.tgz",
      "integrity": "sha512-w/Qg3RimCN7OxYRe9H4QLryb4Qi+4b5UJxNgFfegv5GtJPd2mIrP8xdAo3PSIfB2qnBXHVI3CmcNkplz2gMvHw==",
      "cpu": [
        "x64"
      ],
      "license": "(Apache-2.0 OR MIT)",
      "optional": true,
      "os": [
        "win32"
      ]
    },
    "node_modules/squawk-cli": {
      "version": "2.65.0",
      "resolved": "https://registry.npmjs.org/squawk-cli/-/squawk-cli-2.65.0.tgz",
      "integrity": "sha512-ctkXl9mf1RLfahNiGFLYAsl1Zxp/uFVvSZEvdGyn5eylgPbU4gG8Htn1D/jD6fxKqIKzMD7UaqdqWQE07+jH4w==",
      "license": "(Apache-2.0 OR MIT)",
      "bin": {
        "squawk": "js/bin/squawk"
      },
      "optionalDependencies": {
        "@squawk-cli/darwin-arm64": "2.65.0",
        "@squawk-cli/darwin-x64": "2.65.0",
        "@squawk-cli/linux-arm64": "2.65.0",
        "@squawk-cli/linux-x64": "2.65.0",
        "@squawk-cli/win32-x64": "2.65.0"
      }
    }
  }
}
